
Microsoft Visual Studio Solution File, Format Version 12.00
# Visual Studio Version 16
VisualStudioVersion = 16.0.31829.152
MinimumVisualStudioVersion = 10.0.40219.1
Project("{FAE04EC0-301F-11D3-BF4B-00C04F79EFBC}") = "Lab19", "Lab19\Lab19.csproj", "{B24F4523-C05C-443F-B637-9789A44A8A5B}"
EndProject
Global
	GlobalSection(SolutionConfigurationPlatforms) = preSolution
		Debug|Any CPU = Debug|Any CPU
		Release|Any CPU = Release|Any CPU
	EndGlobalSection
	GlobalSection(ProjectConfigurationPlatforms) = postSolution
		{B24F4523-C05C-443F-B637-9789A44A8A5B}.Debug|Any CPU.ActiveCfg = Debug|Any CPU
		{B24F4523-C05C-443F-B637-9789A44A8A5B}.Debug|Any CPU.Build.0 = Debug|Any CPU
		{B24F4523-C05C-443F-B637-9789A44A8A5B}.Release|Any CPU.ActiveCfg = Release|Any CPU
		{B24F4523-C05C-443F-B637-9789A44A8A5B}.Release|Any CPU.Build.0 = Release|Any CPU
	EndGlobalSection
	GlobalSection(SolutionProperties) = preSolution
		HideSolutionNode = FALSE
	EndGlobalSection
	GlobalSection(ExtensibilityGlobals) = postSolution
		SolutionGuid = {F29A076D-BF08-43A6-A198-C9D09AF91E4B}
	EndGlobalSection
EndGlobal
